
Microsoft Visual Studio Solution File, Format Version 12.00
# Visual Studio Version 16
VisualStudioVersion = 16.0.30104.148
MinimumVisualStudioVersion = 10.0.40219.1
Project("{FAE04EC0-301F-11D3-BF4B-00C04F79EFBC}") = "Wlkh.Filter", "Wlkh.Filter.csproj", "{93842BC0-CCF2-49EB-BCC4-F225B9305E8A}"
EndProject
Global
	GlobalSection(SolutionConfigurationPlatforms) = preSolution
		Debug|Any CPU = Debug|Any CPU
		Release|Any CPU = Release|Any CPU
	EndGlobalSection
	GlobalSection(ProjectConfigurationPlatforms) = postSolution
		{93842BC0-CCF2-49EB-BCC4-F225B9305E8A}.Debug|Any CPU.ActiveCfg = Debug|Any CPU
		{93842BC0-CCF2-49EB-BCC4-F225B9305E8A}.Debug|Any CPU.Build.0 = Debug|Any CPU
		{93842BC0-CCF2-49EB-BCC4-F225B9305E8A}.Release|Any CPU.ActiveCfg = Release|Any CPU
		{93842BC0-CCF2-49EB-BCC4-F225B9305E8A}.Release|Any CPU.Build.0 = Release|Any CPU
	EndGlobalSection
	GlobalSection(SolutionProperties) = preSolution
		HideSolutionNode = FALSE
	EndGlobalSection
	GlobalSection(ExtensibilityGlobals) = postSolution
		SolutionGuid = {0D32B82B-D606-4A60-8986-112CCDE8FCE6}
	EndGlobalSection
EndGlobal
